
Microsoft Visual Studio Solution File, Format Version 12.00
# Visual Studio Version 16
VisualStudioVersion = 16.0.31613.86
MinimumVisualStudioVersion = 10.0.40219.1
Project("{9A19103F-16F7-4668-BE54-9A1E7A4F7556}") = "CSVReader", "CSVReader\CSVReader.csproj", "{83727B7C-4F8C-474B-AE0F-263D395E3DFD}"
EndProject
Project("{9A19103F-16F7-4668-BE54-9A1E7A4F7556}") = "FruitStand", "FruitStand\FruitStand.csproj", "{0267E390-EFCF-4053-B3C9-2702A4474B27}"
EndProject
Global
	GlobalSection(SolutionConfigurationPlatforms) = preSolution
		Debug|Any CPU = Debug|Any CPU
		Release|Any CPU = Release|Any CPU
	EndGlobalSection
	GlobalSection(ProjectConfigurationPlatforms) = postSolution
		{83727B7C-4F8C-474B-AE0F-263D395E3DFD}.Debug|Any CPU.ActiveCfg = Debug|Any CPU
		{83727B7C-4F8C-474B-AE0F-263D395E3DFD}.Debug|Any CPU.Build.0 = Debug|Any CPU
		{83727B7C-4F8C-474B-AE0F-263D395E3DFD}.Release|Any CPU.ActiveCfg = Release|Any CPU
		{83727B7C-4F8C-474B-AE0F-263D395E3DFD}.Release|Any CPU.Build.0 = Release|Any CPU
		{0267E390-EFCF-4053-B3C9-2702A4474B27}.Debug|Any CPU.ActiveCfg = Debug|Any CPU
		{0267E390-EFCF-4053-B3C9-2702A4474B27}.Debug|Any CPU.Build.0 = Debug|Any CPU
		{0267E390-EFCF-4053-B3C9-2702A4474B27}.Release|Any CPU.ActiveCfg = Release|Any CPU
		{0267E390-EFCF-4053-B3C9-2702A4474B27}.Release|Any CPU.Build.0 = Release|Any CPU
	EndGlobalSection
	GlobalSection(SolutionProperties) = preSolution
		HideSolutionNode = FALSE
	EndGlobalSection
	GlobalSection(ExtensibilityGlobals) = postSolution
		SolutionGuid = {92456809-B021-4213-84F0-D21F0E5BF75C}
	EndGlobalSection
EndGlobal
